
Microsoft Visual Studio Solution File, Format Version 12.00
# Visual Studio Version 16
VisualStudioVersion = 16.0.29102.190
MinimumVisualStudioVersion = 10.0.40219.1
Project("{FAE04EC0-301F-11D3-BF4B-00C04F79EFBC}") = "ChessFantasy", "ChessFantasy\ChessFantasy.csproj", "{F399B51A-AE54-448B-8476-1C79909A3F21}"
EndProject
Global
	GlobalSection(SolutionConfigurationPlatforms) = preSolution
		Debug|Any CPU = Debug|Any CPU
		Release|Any CPU = Release|Any CPU
	EndGlobalSection
	GlobalSection(ProjectConfigurationPlatforms) = postSolution
		{F399B51A-AE54-448B-8476-1C79909A3F21}.Debug|Any CPU.ActiveCfg = Debug|Any CPU
		{F399B51A-AE54-448B-8476-1C79909A3F21}.Debug|Any CPU.Build.0 = Debug|Any CPU
		{F399B51A-AE54-448B-8476-1C79909A3F21}.Release|Any CPU.ActiveCfg = Release|Any CPU
		{F399B51A-AE54-448B-8476-1C79909A3F21}.Release|Any CPU.Build.0 = Release|Any CPU
	EndGlobalSection
	GlobalSection(SolutionProperties) = preSolution
		HideSolutionNode = FALSE
	EndGlobalSection
	GlobalSection(ExtensibilityGlobals) = postSolution
		SolutionGuid = {BBF9C362-16C5-47B1-9286-E55B49FD1F09}
	EndGlobalSection
EndGlobal
